
Microsoft Visual Studio Solution File, Format Version 12.00
# Visual Studio Version 17
VisualStudioVersion = 17.0.32126.317
MinimumVisualStudioVersion = 10.0.40219.1
Project("{8BC9CEB8-8B4A-11D0-8D11-00A0C91BC942}") = "Time", "Time\Time.vcxproj", "{E4BE8AC0-7C31-4702-836C-A874D114687E}"
EndProject
Project("{8BC9CEB8-8B4A-11D0-8D11-00A0C91BC942}") = "Physics", "Physics\Physics.vcxproj", "{1E4493E0-3772-4E1B-A089-4023A806C50C}"
EndProject
Project("{8BC9CEB8-8B4A-11D0-8D11-00A0C91BC942}") = "All", "All\All.vcxproj", "{3DE2C510-B1B8-4EBE-B81A-E0C39509266E}"
EndProject
Project("{8BC9CEB8-8B4A-11D0-8D11-00A0C91BC942}") = "DirectX", "DirectX\DirectX.vcxproj", "{939D0F16-7085-4D78-A082-E07887F57812}"
EndProject
Global
	GlobalSection(SolutionConfigurationPlatforms) = preSolution
		Debug|x64 = Debug|x64
		Debug|x86 = Debug|x86
		Release|x64 = Release|x64
		Release|x86 = Release|x86
	EndGlobalSection
	GlobalSection(ProjectConfigurationPlatforms) = postSolution
		{E4BE8AC0-7C31-4702-836C-A874D114687E}.Debug|x64.ActiveCfg = Debug|x64
		{E4BE8AC0-7C31-4702-836C-A874D114687E}.Debug|x64.Build.0 = Debug|x64
		{E4BE8AC0-7C31-4702-836C-A874D114687E}.Debug|x86.ActiveCfg = Debug|Win32
		{E4BE8AC0-7C31-4702-836C-A874D114687E}.Debug|x86.Build.0 = Debug|Win32
		{E4BE8AC0-7C31-4702-836C-A874D114687E}.Release|x64.ActiveCfg = Release|x64
		{E4BE8AC0-7C31-4702-836C-A874D114687E}.Release|x64.Build.0 = Release|x64
		{E4BE8AC0-7C31-4702-836C-A874D114687E}.Release|x86.ActiveCfg = Release|Win32
		{E4BE8AC0-7C31-4702-836C-A874D114687E}.Release|x86.Build.0 = Release|Win32
		{1E4493E0-3772-4E1B-A089-4023A806C50C}.Debug|x64.ActiveCfg = Debug|x64
		{1E4493E0-3772-4E1B-A089-4023A806C50C}.Debug|x64.Build.0 = Debug|x64
		{1E4493E0-3772-4E1B-A089-4023A806C50C}.Debug|x86.ActiveCfg = Debug|Win32
		{1E4493E0-3772-4E1B-A089-4023A806C50C}.Debug|x86.Build.0 = Debug|Win32
		{1E4493E0-3772-4E1B-A089-4023A806C50C}.Release|x64.ActiveCfg = Release|x64
		{1E4493E0-3772-4E1B-A089-4023A806C50C}.Release|x64.Build.0 = Release|x64
		{1E4493E0-3772-4E1B-A089-4023A806C50C}.Release|x86.ActiveCfg = Release|Win32
		{1E4493E0-3772-4E1B-A089-4023A806C50C}.Release|x86.Build.0 = Release|Win32
		{3DE2C510-B1B8-4EBE-B81A-E0C39509266E}.Debug|x64.ActiveCfg = Debug|x64
		{3DE2C510-B1B8-4EBE-B81A-E0C39509266E}.Debug|x64.Build.0 = Debug|x64
		{3DE2C510-B1B8-4EBE-B81A-E0C39509266E}.Debug|x86.ActiveCfg = Debug|Win32
		{3DE2C510-B1B8-4EBE-B81A-E0C39509266E}.Debug|x86.Build.0 = Debug|Win32
		{3DE2C510-B1B8-4EBE-B81A-E0C39509266E}.Release|x64.ActiveCfg = Release|x64
		{3DE2C510-B1B8-4EBE-B81A-E0C39509266E}.Release|x64.Build.0 = Release|x64
		{3DE2C510-B1B8-4EBE-B81A-E0C39509266E}.Release|x86.ActiveCfg = Release|Win32
		{3DE2C510-B1B8-4EBE-B81A-E0C39509266E}.Release|x86.Build.0 = Release|Win32
		{939D0F16-7085-4D78-A082-E07887F57812}.Debug|x64.ActiveCfg = Debug|x64
		{939D0F16-7085-4D78-A082-E07887F57812}.Debug|x64.Build.0 = Debug|x64
		{939D0F16-7085-4D78-A082-E07887F57812}.Debug|x86.ActiveCfg = Debug|Win32
		{939D0F16-7085-4D78-A082-E07887F57812}.Debug|x86.Build.0 = Debug|Win32
		{939D0F16-7085-4D78-A082-E07887F57812}.Release|x64.ActiveCfg = Release|x64
		{939D0F16-7085-4D78-A082-E07887F57812}.Release|x64.Build.0 = Release|x64
		{939D0F16-7085-4D78-A082-E07887F57812}.Release|x86.ActiveCfg = Release|Win32
		{939D0F16-7085-4D78-A082-E07887F57812}.Release|x86.Build.0 = Release|Win32
	EndGlobalSection
	GlobalSection(SolutionProperties) = preSolution
		HideSolutionNode = FALSE
	EndGlobalSection
	GlobalSection(ExtensibilityGlobals) = postSolution
		SolutionGuid = {6964288C-BD99-4ACB-8F06-2FA7095F0C6A}
	EndGlobalSection
EndGlobal
